
Microsoft Visual Studio Solution File, Format Version 12.00
# Visual Studio Version 16
VisualStudioVersion = 16.0.31205.134
MinimumVisualStudioVersion = 10.0.40219.1
Project("{9A19103F-16F7-4668-BE54-9A1E7A4F7556}") = "TodosApplication", "TodosApplication\TodosApplication.csproj", "{88C549A3-7D95-4788-817C-053A49C65B44}"
EndProject
Project("{2150E333-8FDC-42A3-9474-1A3956D46DE8}") = "Solution Items", "Solution Items", "{17EFAF9B-5340-4097-83EA-EA12D441BCB7}"
	ProjectSection(SolutionItems) = preProject
		Directory.Build.props.xml = Directory.Build.props.xml
	EndProjectSection
EndProject
Project("{FAE04EC0-301F-11D3-BF4B-00C04F79EFBC}") = "Tests", "Tests\Tests.csproj", "{41E1BFEC-B812-49E4-98AA-AEE4B33E1A70}"
EndProject
Global
	GlobalSection(SolutionConfigurationPlatforms) = preSolution
		Debug|Any CPU = Debug|Any CPU
		Release|Any CPU = Release|Any CPU
	EndGlobalSection
	GlobalSection(ProjectConfigurationPlatforms) = postSolution
		{88C549A3-7D95-4788-817C-053A49C65B44}.Debug|Any CPU.ActiveCfg = Debug|Any CPU
		{88C549A3-7D95-4788-817C-053A49C65B44}.Debug|Any CPU.Build.0 = Debug|Any CPU
		{88C549A3-7D95-4788-817C-053A49C65B44}.Release|Any CPU.ActiveCfg = Release|Any CPU
		{88C549A3-7D95-4788-817C-053A49C65B44}.Release|Any CPU.Build.0 = Release|Any CPU
		{41E1BFEC-B812-49E4-98AA-AEE4B33E1A70}.Debug|Any CPU.ActiveCfg = Debug|Any CPU
		{41E1BFEC-B812-49E4-98AA-AEE4B33E1A70}.Debug|Any CPU.Build.0 = Debug|Any CPU
		{41E1BFEC-B812-49E4-98AA-AEE4B33E1A70}.Release|Any CPU.ActiveCfg = Release|Any CPU
		{41E1BFEC-B812-49E4-98AA-AEE4B33E1A70}.Release|Any CPU.Build.0 = Release|Any CPU
	EndGlobalSection
	GlobalSection(SolutionProperties) = preSolution
		HideSolutionNode = FALSE
	EndGlobalSection
	GlobalSection(ExtensibilityGlobals) = postSolution
		SolutionGuid = {B47E9CED-0A37-4668-8954-5930459EC2A8}
	EndGlobalSection
EndGlobal
